// !$*UTF8*$!
{
	archiveVersion = 1;
	classes = {
	};
	objectVersion = 56;
	objects = {

/* Begin PBXBuildFile section */
		EDD76C9E2ABADBC6007BA34E /* AppDelegate.swift in Sources */ = {isa = PBXBuildFile; fileRef = EDD76C9D2ABADBC6007BA34E /* AppDelegate.swift */; };
		EDD76CA02ABADBC6007BA34E /* SceneDelegate.swift in Sources */ = {isa = PBXBuildFile; fileRef = EDD76C9F2ABADBC6007BA34E /* SceneDelegate.swift */; };
		EDD76CA22ABADBC6007BA34E /* ViewController.swift in Sources */ = {isa = PBXBuildFile; fileRef = EDD76CA12ABADBC6007BA34E /* ViewController.swift */; };
		EDD76CA52ABADBC6007BA34E /* Main.storyboard in Resources */ = {isa = PBXBuildFile; fileRef = EDD76CA32ABADBC6007BA34E /* Main.storyboard */; };
		EDD76CA72ABADBC8007BA34E /* Assets.xcassets in Resources */ = {isa = PBXBuildFile; fileRef = EDD76CA62ABADBC8007BA34E /* Assets.xcassets */; };
		EDD76CAA2ABADBC8007BA34E /* LaunchScreen.storyboard in Resources */ = {isa = PBXBuildFile; fileRef = EDD76CA82ABADBC8007BA34E /* LaunchScreen.storyboard */; };
		EDD76CB52ABADBC9007BA34E /* MobileAppPromoFarrasTests.swift in Sources */ = {isa = PBXBuildFile; fileRef = EDD76CB42ABADBC9007BA34E /* MobileAppPromoFarrasTests.swift */; };
		EDD76CBF2ABADBC9007BA34E /* MobileAppPromoFarrasUITests.swift in Sources */ = {isa = PBXBuildFile; fileRef = EDD76CBE2ABADBC9007BA34E /* MobileAppPromoFarrasUITests.swift */; };
		EDD76CC12ABADBC9007BA34E /* MobileAppPromoFarrasUITestsLaunchTests.swift in Sources */ = {isa = PBXBuildFile; fileRef = EDD76CC02ABADBC9007BA34E /* MobileAppPromoFarrasUITestsLaunchTests.swift */; };
/* End PBXBuildFile section */

/* Begin PBXContainerItemProxy section */
		EDD76CB12ABADBC9007BA34E /* PBXContainerItemProxy */ = {
			isa = PBXContainerItemProxy;
			containerPortal = EDD76C922ABADBC6007BA34E /* Project object */;
			proxyType = 1;
			remoteGlobalIDString = EDD76C992ABADBC6007BA34E;
			remoteInfo = MobileAppPromoFarras;
		};
		EDD76CBB2ABADBC9007BA34E /* PBXContainerItemProxy */ = {
			isa = PBXContainerItemProxy;
			containerPortal = EDD76C922ABADBC6007BA34E /* Project object */;
			proxyType = 1;
			remoteGlobalIDString = EDD76C992ABADBC6007BA34E;
			remoteInfo = MobileAppPromoFarras;
		};
/* End PBXContainerItemProxy section */

/* Begin PBXFileReference section */
		EDD76C9A2ABADBC6007BA34E /* MobileAppPromoFarras.app */ = {isa = PBXFileReference; explicitFileType = wrapper.application; includeInIndex = 0; path = MobileAppPromoFarras.app; sourceTree = BUILT_PRODUCTS_DIR; };
		EDD76C9D2ABADBC6007BA34E /* AppDelegate.swift */ = {isa = PBXFileReference; lastKnownFileType = sourcecode.swift; path = AppDelegate.swift; sourceTree = "<group>"; };
		EDD76C9F2ABADBC6007BA34E /* SceneDelegate.swift */ = {isa = PBXFileReference; lastKnownFileType = sourcecode.swift; path = SceneDelegate.swift; sourceTree = "<group>"; };
		EDD76CA12ABADBC6007BA34E /* ViewController.swift */ = {isa = PBXFileReference; lastKnownFileType = sourcecode.swift; path = ViewController.swift; sourceTree = "<group>"; };
		EDD76CA42ABADBC6007BA34E /* Base */ = {isa = PBXFileReference; lastKnownFileType = file.storyboard; name = Base; path = Base.lproj/Main.storyboard; sourceTree = "<group>"; };
		EDD76CA62ABADBC8007BA34E /* Assets.xcassets */ = {isa = PBXFileReference; lastKnownFileType = folder.assetcatalog; path = Assets.xcassets; sourceTree = "<group>"; };
		EDD76CA92ABADBC8007BA34E /* Base */ = {isa = PBXFileReference; lastKnownFileType = file.storyboard; name = Base; path = Base.lproj/LaunchScreen.storyboard; sourceTree = "<group>"; };
		EDD76CAB2ABADBC8007BA34E /* Info.plist */ = {isa = PBXFileReference; lastKnownFileType = text.plist.xml; path = Info.plist; sourceTree = "<group>"; };
		EDD76CB02ABADBC9007BA34E /* MobileAppPromoFarrasTests.xctest */ = {isa = PBXFileReference; explicitFileType = wrapper.cfbundle; includeInIndex = 0; path = MobileAppPromoFarrasTests.xctest; sourceTree = BUILT_PRODUCTS_DIR; };
		EDD76CB42ABADBC9007BA34E /* MobileAppPromoFarrasTests.swift */ = {isa = PBXFileReference; lastKnownFileType = sourcecode.swift; path = MobileAppPromoFarrasTests.swift; sourceTree = "<group>"; };
		EDD76CBA2ABADBC9007BA34E /* MobileAppPromoFarrasUITests.xctest */ = {isa = PBXFileReference; explicitFileType = wrapper.cfbundle; includeInIndex = 0; path = MobileAppPromoFarrasUITests.xctest; sourceTree = BUILT_PRODUCTS_DIR; };
		EDD76CBE2ABADBC9007BA34E /* MobileAppPromoFarrasUITests.swift */ = {isa = PBXFileReference; lastKnownFileType = sourcecode.swift; path = MobileAppPromoFarrasUITests.swift; sourceTree = "<group>"; };
		EDD76CC02ABADBC9007BA34E /* MobileAppPromoFarrasUITestsLaunchTests.swift */ = {isa = PBXFileReference; lastKnownFileType = sourcecode.swift; path = MobileAppPromoFarrasUITestsLaunchTests.swift; sourceTree = "<group>"; };
/* End PBXFileReference section */

/* Begin PBXFrameworksBuildPhase section */
		EDD76C972ABADBC6007BA34E /* Frameworks */ = {
			isa = PBXFrameworksBuildPhase;
			buildActionMask = 2147483647;
			files = (
			);
			runOnlyForDeploymentPostprocessing = 0;
		};
		EDD76CAD2ABADBC9007BA34E /* Frameworks */ = {
			isa = PBXFrameworksBuildPhase;
			buildActionMask = 2147483647;
			files = (
			);
			runOnlyForDeploymentPostprocessing = 0;
		};
		EDD76CB72ABADBC9007BA34E /* Frameworks */ = {
			isa = PBXFrameworksBuildPhase;
			buildActionMask = 2147483647;
			files = (
			);
			runOnlyForDeploymentPostprocessing = 0;
		};
/* End PBXFrameworksBuildPhase section */

/* Begin PBXGroup section */
		EDD76C912ABADBC6007BA34E = {
			isa = PBXGroup;
			children = (
				EDD76C9C2ABADBC6007BA34E /* MobileAppPromoFarras */,
				EDD76CB32ABADBC9007BA34E /* MobileAppPromoFarrasTests */,
				EDD76CBD2ABADBC9007BA34E /* MobileAppPromoFarrasUITests */,
				EDD76C9B2ABADBC6007BA34E /* Products */,
			);
			sourceTree = "<group>";
		};
		EDD76C9B2ABADBC6007BA34E /* Products */ = {
			isa = PBXGroup;
			children = (
				EDD76C9A2ABADBC6007BA34E /* MobileAppPromoFarras.app */,
				EDD76CB02ABADBC9007BA34E /* MobileAppPromoFarrasTests.xctest */,
				EDD76CBA2ABADBC9007BA34E /* MobileAppPromoFarrasUITests.xctest */,
			);
			name = Products;
			sourceTree = "<group>";
		};
		EDD76C9C2ABADBC6007BA34E /* MobileAppPromoFarras */ = {
			isa = PBXGroup;
			children = (
				EDD76C9D2ABADBC6007BA34E /* AppDelegate.swift */,
				EDD76C9F2ABADBC6007BA34E /* SceneDelegate.swift */,
				EDD76CA12ABADBC6007BA34E /* ViewController.swift */,
				EDD76CA32ABADBC6007BA34E /* Main.storyboard */,
				EDD76CA62ABADBC8007BA34E /* Assets.xcassets */,
				EDD76CA82ABADBC8007BA34E /* LaunchScreen.storyboard */,
				EDD76CAB2ABADBC8007BA34E /* Info.plist */,
			);
			path = MobileAppPromoFarras;
			sourceTree = "<group>";
		};
		EDD76CB32ABADBC9007BA34E /* MobileAppPromoFarrasTests */ = {
			isa = PBXGroup;
			children = (
				EDD76CB42ABADBC9007BA34E /* MobileAppPromoFarrasTests.swift */,
			);
			path = MobileAppPromoFarrasTests;
			sourceTree = "<group>";
		};
		EDD76CBD2ABADBC9007BA34E /* MobileAppPromoFarrasUITests */ = {
			isa = PBXGroup;
			children = (
				EDD76CBE2ABADBC9007BA34E /* MobileAppPromoFarrasUITests.swift */,
				EDD76CC02ABADBC9007BA34E /* MobileAppPromoFarrasUITestsLaunchTests.swift */,
			);
			path = MobileAppPromoFarrasUITests;
			sourceTree = "<group>";
		};
/* End PBXGroup section */

/* Begin PBXNativeTarget section */
		EDD76C992ABADBC6007BA34E /* MobileAppPromoFarras */ = {
			isa = PBXNativeTarget;
			buildConfigurationList = EDD76CC42ABADBC9007BA34E /* Build configuration list for PBXNativeTarget "MobileAppPromoFarras" */;
			buildPhases = (
				EDD76C962ABADBC6007BA34E /* Sources */,
				EDD76C972ABADBC6007BA34E /* Frameworks */,
				EDD76C982ABADBC6007BA34E /* Resources */,
			);
			buildRules = (
			);
			dependencies = (
			);
			name = MobileAppPromoFarras;
			productName = MobileAppPromoFarras;
			productReference = EDD76C9A2ABADBC6007BA34E /* MobileAppPromoFarras.app */;
			productType = "com.apple.product-type.application";
		};
		EDD76CAF2ABADBC9007BA34E /* MobileAppPromoFarrasTests */ = {
			isa = PBXNativeTarget;
			buildConfigurationList = EDD76CC72ABADBC9007BA34E /* Build configuration list for PBXNativeTarget "MobileAppPromoFarrasTests" */;
			buildPhases = (
				EDD76CAC2ABADBC9007BA34E /* Sources */,
				EDD76CAD2ABADBC9007BA34E /* Frameworks */,
				EDD76CAE2ABADBC9007BA34E /* Resources */,
			);
			buildRules = (
			);
			dependencies = (
				EDD76CB22ABADBC9007BA34E /* PBXTargetDependency */,
			);
			name = MobileAppPromoFarrasTests;
			productName = MobileAppPromoFarrasTests;
			productReference = EDD76CB02ABADBC9007BA34E /* MobileAppPromoFarrasTests.xctest */;
			productType = "com.apple.product-type.bundle.unit-test";
		};
		EDD76CB92ABADBC9007BA34E /* MobileAppPromoFarrasUITests */ = {
			isa = PBXNativeTarget;
			buildConfigurationList = EDD76CCA2ABADBC9007BA34E /* Build configuration list for PBXNativeTarget "MobileAppPromoFarrasUITests" */;
			buildPhases = (
				EDD76CB62ABADBC9007BA34E /* Sources */,
				EDD76CB72ABADBC9007BA34E /* Frameworks */,
				EDD76CB82ABADBC9007BA34E /* Resources */,
			);
			buildRules = (
			);
			dependencies = (
				EDD76CBC2ABADBC9007BA34E /* PBXTargetDependency */,
			);
			name = MobileAppPromoFarrasUITests;
			productName = MobileAppPromoFarrasUITests;
			productReference = EDD76CBA2ABADBC9007BA34E /* MobileAppPromoFarrasUITests.xctest */;
			productType = "com.apple.product-type.bundle.ui-testing";
		};
/* End PBXNativeTarget section */

/* Begin PBXProject section */
		EDD76C922ABADBC6007BA34E /* Project object */ = {
			isa = PBXProject;
			attributes = {
				BuildIndependentTargetsInParallel = 1;
				LastSwiftUpdateCheck = 1430;
				LastUpgradeCheck = 1430;
				TargetAttributes = {
					EDD76C992ABADBC6007BA34E = {
						CreatedOnToolsVersion = 14.3.1;
					};
					EDD76CAF2ABADBC9007BA34E = {
						CreatedOnToolsVersion = 14.3.1;
						TestTargetID = EDD76C992ABADBC6007BA34E;
					};
					EDD76CB92ABADBC9007BA34E = {
						CreatedOnToolsVersion = 14.3.1;
						TestTargetID = EDD76C992ABADBC6007BA34E;
					};
				};
			};
			buildConfigurationList = EDD76C952ABADBC6007BA34E /* Build configuration list for PBXProject "MobileAppPromoFarras" */;
			compatibilityVersion = "Xcode 14.0";
			developmentRegion = en;
			hasScannedForEncodings = 0;
			knownRegions = (
				en,
				Base,
			);
			mainGroup = EDD76C912ABADBC6007BA34E;
			productRefGroup = EDD76C9B2ABADBC6007BA34E /* Products */;
			projectDirPath = "";
			projectRoot = "";
			targets = (
				EDD76C992ABADBC6007BA34E /* MobileAppPromoFarras */,
				EDD76CAF2ABADBC9007BA34E /* MobileAppPromoFarrasTests */,
				EDD76CB92ABADBC9007BA34E /* MobileAppPromoFarrasUITests */,
			);
		};
/* End PBXProject section */

/* Begin PBXResourcesBuildPhase section */
		EDD76C982ABADBC6007BA34E /* Resources */ = {
			isa = PBXResourcesBuildPhase;
			buildActionMask = 2147483647;
			files = (
				EDD76CAA2ABADBC8007BA34E /* LaunchScreen.storyboard in Resources */,
				EDD76CA72ABADBC8007BA34E /* Assets.xcassets in Resources */,
				EDD76CA52ABADBC6007BA34E /* Main.storyboard in Resources */,
			);
			runOnlyForDeploymentPostprocessing = 0;
		};
		EDD76CAE2ABADBC9007BA34E /* Resources */ = {
			isa = PBXResourcesBuildPhase;
			buildActionMask = 2147483647;
			files = (
			);
			runOnlyForDeploymentPostprocessing = 0;
		};
		EDD76CB82ABADBC9007BA34E /* Resources */ = {
			isa = PBXResourcesBuildPhase;
			buildActionMask = 2147483647;
			files = (
			);
			runOnlyForDeploymentPostprocessing = 0;
		};
/* End PBXResourcesBuildPhase section */

/* Begin PBXSourcesBuildPhase section */
		EDD76C962ABADBC6007BA34E /* Sources */ = {
			isa = PBXSourcesBuildPhase;
			buildActionMask = 2147483647;
			files = (
				EDD76CA22ABADBC6007BA34E /* ViewController.swift in Sources */,
				EDD76C9E2ABADBC6007BA34E /* AppDelegate.swift in Sources */,
				EDD76CA02ABADBC6007BA34E /* SceneDelegate.swift in Sources */,
			);
			runOnlyForDeploymentPostprocessing = 0;
		};
		EDD76CAC2ABADBC9007BA34E /* Sources */ = {
			isa = PBXSourcesBuildPhase;
			buildActionMask = 2147483647;
			files = (
				EDD76CB52ABADBC9007BA34E /* MobileAppPromoFarrasTests.swift in Sources */,
			);
			runOnlyForDeploymentPostprocessing = 0;
		};
		EDD76CB62ABADBC9007BA34E /* Sources */ = {
			isa = PBXSourcesBuildPhase;
			buildActionMask = 2147483647;
			files = (
				EDD76CBF2ABADBC9007BA34E /* MobileAppPromoFarrasUITests.swift in Sources */,
				EDD76CC12ABADBC9007BA34E /* MobileAppPromoFarrasUITestsLaunchTests.swift in Sources */,
			);
			runOnlyForDeploymentPostprocessing = 0;
		};
/* End PBXSourcesBuildPhase section */

/* Begin PBXTargetDependency section */
		EDD76CB22ABADBC9007BA34E /* PBXTargetDependency */ = {
			isa = PBXTargetDependency;
			target = EDD76C992ABADBC6007BA34E /* MobileAppPromoFarras */;
			targetProxy = EDD76CB12ABADBC9007BA34E /* PBXContainerItemProxy */;
		};
		EDD76CBC2ABADBC9007BA34E /* PBXTargetDependency */ = {
			isa = PBXTargetDependency;
			target = EDD76C992ABADBC6007BA34E /* MobileAppPromoFarras */;
			targetProxy = EDD76CBB2ABADBC9007BA34E /* PBXContainerItemProxy */;
		};
/* End PBXTargetDependency section */

/* Begin PBXVariantGroup section */
		EDD76CA32ABADBC6007BA34E /* Main.storyboard */ = {
			isa = PBXVariantGroup;
			children = (
				EDD76CA42ABADBC6007BA34E /* Base */,
			);
			name = Main.storyboard;
			sourceTree = "<group>";
		};
		EDD76CA82ABADBC8007BA34E /* LaunchScreen.storyboard */ = {
			isa = PBXVariantGroup;
			children = (
				EDD76CA92ABADBC8007BA34E /* Base */,
			);
			name = LaunchScreen.storyboard;
			sourceTree = "<group>";
		};
/* End PBXVariantGroup section */

/* Begin XCBuildConfiguration section */
		EDD76CC22ABADBC9007BA34E /* Debug */ = {
			isa = XCBuildConfiguration;
			buildSettings = {
				ALWAYS_SEARCH_USER_PATHS = NO;
				CLANG_ANALYZER_NONNULL = YES;
				CLANG_ANALYZER_NUMBER_OBJECT_CONVERSION = YES_AGGRESSIVE;
				CLANG_CXX_LANGUAGE_STANDARD = "gnu++20";
				CLANG_ENABLE_MODULES = YES;
				CLANG_ENABLE_OBJC_ARC = YES;
				CLANG_ENABLE_OBJC_WEAK = YES;
				CLANG_WARN_BLOCK_CAPTURE_AUTORELEASING = YES;
				CLANG_WARN_BOOL_CONVERSION = YES;
				CLANG_WARN_COMMA = YES;
				CLANG_WARN_CONSTANT_CONVERSION = YES;
				CLANG_WARN_DEPRECATED_OBJC_IMPLEMENTATIONS = YES;
				CLANG_WARN_DIRECT_OBJC_ISA_USAGE = YES_ERROR;
				CLANG_WARN_DOCUMENTATION_COMMENTS = YES;
				CLANG_WARN_EMPTY_BODY = YES;
				CLANG_WARN_ENUM_CONVERSION = YES;
				CLANG_WARN_INFINITE_RECURSION = YES;
				CLANG_WARN_INT_CONVERSION = YES;
				CLANG_WARN_NON_LITERAL_NULL_CONVERSION = YES;
				CLANG_WARN_OBJC_IMPLICIT_RETAIN_SELF = YES;
				CLANG_WARN_OBJC_LITERAL_CONVERSION = YES;
				CLANG_WARN_OBJC_ROOT_CLASS = YES_ERROR;
				CLANG_WARN_QUOTED_INCLUDE_IN_FRAMEWORK_HEADER = YES;
				CLANG_WARN_RANGE_LOOP_ANALYSIS = YES;
				CLANG_WARN_STRICT_PROTOTYPES = YES;
				CLANG_WARN_SUSPICIOUS_MOVE = YES;
				CLANG_WARN_UNGUARDED_AVAILABILITY = YES_AGGRESSIVE;
				CLANG_WARN_UNREACHABLE_CODE = YES;
				CLANG_WARN__DUPLICATE_METHOD_MATCH = YES;
				COPY_PHASE_STRIP = NO;
				DEBUG_INFORMATION_FORMAT = dwarf;
				ENABLE_STRICT_OBJC_MSGSEND = YES;
				ENABLE_TESTABILITY = YES;
				GCC_C_LANGUAGE_STANDARD = gnu11;
				GCC_DYNAMIC_NO_PIC = NO;
				GCC_NO_COMMON_BLOCKS = YES;
				GCC_OPTIMIZATION_LEVEL = 0;
				GCC_PREPROCESSOR_DEFINITIONS = (
					"DEBUG=1",
					"$(inherited)",
				);
				GCC_WARN_64_TO_32_BIT_CONVERSION = YES;
				GCC_WARN_ABOUT_RETURN_TYPE = YES_ERROR;
				GCC_WARN_UNDECLARED_SELECTOR = YES;
				GCC_WARN_UNINITIALIZED_AUTOS = YES_AGGRESSIVE;
				GCC_WARN_UNUSED_FUNCTION = YES;
				GCC_WARN_UNUSED_VARIABLE = YES;
				IPHONEOS_DEPLOYMENT_TARGET = 16.4;
				MTL_ENABLE_DEBUG_INFO = INCLUDE_SOURCE;
				MTL_FAST_MATH = YES;
				ONLY_ACTIVE_ARCH = YES;
				SDKROOT = iphoneos;
				SWIFT_ACTIVE_COMPILATION_CONDITIONS = DEBUG;
				SWIFT_OPTIMIZATION_LEVEL = "-Onone";
			};
			name = Debug;
		};
		EDD76CC32ABADBC9007BA34E /* Release */ = {
			isa = XCBuildConfiguration;
			buildSettings = {
				ALWAYS_SEARCH_USER_PATHS = NO;
				CLANG_ANALYZER_NONNULL = YES;
				CLANG_ANALYZER_NUMBER_OBJECT_CONVERSION = YES_AGGRESSIVE;
				CLANG_CXX_LANGUAGE_STANDARD = "gnu++20";
				CLANG_ENABLE_MODULES = YES;
				CLANG_ENABLE_OBJC_ARC = YES;
				CLANG_ENABLE_OBJC_WEAK = YES;
				CLANG_WARN_BLOCK_CAPTURE_AUTORELEASING = YES;
				CLANG_WARN_BOOL_CONVERSION = YES;
				CLANG_WARN_COMMA = YES;
				CLANG_WARN_CONSTANT_CONVERSION = YES;
				CLANG_WARN_DEPRECATED_OBJC_IMPLEMENTATIONS = YES;
				CLANG_WARN_DIRECT_OBJC_ISA_USAGE = YES_ERROR;
				CLANG_WARN_DOCUMENTATION_COMMENTS = YES;
				CLANG_WARN_EMPTY_BODY = YES;
				CLANG_WARN_ENUM_CONVERSION = YES;
				CLANG_WARN_INFINITE_RECURSION = YES;
				CLANG_WARN_INT_CONVERSION = YES;
				CLANG_WARN_NON_LITERAL_NULL_CONVERSION = YES;
				CLANG_WARN_OBJC_IMPLICIT_RETAIN_SELF = YES;
				CLANG_WARN_OBJC_LITERAL_CONVERSION = YES;
				CLANG_WARN_OBJC_ROOT_CLASS = YES_ERROR;
				CLANG_WARN_QUOTED_INCLUDE_IN_FRAMEWORK_HEADER = YES;
				CLANG_WARN_RANGE_LOOP_ANALYSIS = YES;
				CLANG_WARN_STRICT_PROTOTYPES = YES;
				CLANG_WARN_SUSPICIOUS_MOVE = YES;
				CLANG_WARN_UNGUARDED_AVAILABILITY = YES_AGGRESSIVE;
				CLANG_WARN_UNREACHABLE_CODE = YES;
				CLANG_WARN__DUPLICATE_METHOD_MATCH = YES;
				COPY_PHASE_STRIP = NO;
				DEBUG_INFORMATION_FORMAT = "dwarf-with-dsym";
				ENABLE_NS_ASSERTIONS = NO;
				ENABLE_STRICT_OBJC_MSGSEND = YES;
				GCC_C_LANGUAGE_STANDARD = gnu11;
				GCC_NO_COMMON_BLOCKS = YES;
				GCC_WARN_64_TO_32_BIT_CONVERSION = YES;
				GCC_WARN_ABOUT_RETURN_TYPE = YES_ERROR;
				GCC_WARN_UNDECLARED_SELECTOR = YES;
				GCC_WARN_UNINITIALIZED_AUTOS = YES_AGGRESSIVE;
				GCC_WARN_UNUSED_FUNCTION = YES;
				GCC_WARN_UNUSED_VARIABLE = YES;
				IPHONEOS_DEPLOYMENT_TARGET = 16.4;
				MTL_ENABLE_DEBUG_INFO = NO;
				MTL_FAST_MATH = YES;
				SDKROOT = iphoneos;
				SWIFT_COMPILATION_MODE = wholemodule;
				SWIFT_OPTIMIZATION_LEVEL = "-O";
				VALIDATE_PRODUCT = YES;
			};
			name = Release;
		};
		EDD76CC52ABADBC9007BA34E /* Debug */ = {
			isa = XCBuildConfiguration;
			buildSettings = {
				ASSETCATALOG_COMPILER_APPICON_NAME = AppIcon;
				ASSETCATALOG_COMPILER_GLOBAL_ACCENT_COLOR_NAME = AccentColor;
				CODE_SIGN_STYLE = Automatic;
				CURRENT_PROJECT_VERSION = 1;
				GENERATE_INFOPLIST_FILE = YES;
				INFOPLIST_FILE = MobileAppPromoFarras/Info.plist;
				INFOPLIST_KEY_UIApplicationSupportsIndirectInputEvents = YES;
				INFOPLIST_KEY_UILaunchStoryboardName = LaunchScreen;
				INFOPLIST_KEY_UIMainStoryboardFile = Main;
				INFOPLIST_KEY_UISupportedInterfaceOrientations_iPad = "UIInterfaceOrientationPortrait UIInterfaceOrientationPortraitUpsideDown UIInterfaceOrientationLandscapeLeft UIInterfaceOrientationLandscapeRight";
				INFOPLIST_KEY_UISupportedInterfaceOrientations_iPhone = "UIInterfaceOrientationPortrait UIInterfaceOrientationLandscapeLeft UIInterfaceOrientationLandscapeRight";
				LD_RUNPATH_SEARCH_PATHS = (
					"$(inherited)",
					"@executable_path/Frameworks",
				);
				MARKETING_VERSION = 1.0;
				PRODUCT_BUNDLE_IDENTIFIER = com.farras.MobileAppPromoFarras;
				PRODUCT_NAME = "$(TARGET_NAME)";
				SWIFT_EMIT_LOC_STRINGS = YES;
				SWIFT_VERSION = 5.0;
				TARGETED_DEVICE_FAMILY = "1,2";
			};
			name = Debug;
		};
		EDD76CC62ABADBC9007BA34E /* Release */ = {
			isa = XCBuildConfiguration;
			buildSettings = {
				ASSETCATALOG_COMPILER_APPICON_NAME = AppIcon;
				ASSETCATALOG_COMPILER_GLOBAL_ACCENT_COLOR_NAME = AccentColor;
				CODE_SIGN_STYLE = Automatic;
				CURRENT_PROJECT_VERSION = 1;
				GENERATE_INFOPLIST_FILE = YES;
				INFOPLIST_FILE = MobileAppPromoFarras/Info.plist;
				INFOPLIST_KEY_UIApplicationSupportsIndirectInputEvents = YES;
				INFOPLIST_KEY_UILaunchStoryboardName = LaunchScreen;
				INFOPLIST_KEY_UIMainStoryboardFile = Main;
				INFOPLIST_KEY_UISupportedInterfaceOrientations_iPad = "UIInterfaceOrientationPortrait UIInterfaceOrientationPortraitUpsideDown UIInterfaceOrientationLandscapeLeft UIInterfaceOrientationLandscapeRight";
				INFOPLIST_KEY_UISupportedInterfaceOrientations_iPhone = "UIInterfaceOrientationPortrait UIInterfaceOrientationLandscapeLeft UIInterfaceOrientationLandscapeRight";
				LD_RUNPATH_SEARCH_PATHS = (
					"$(inherited)",
					"@executable_path/Frameworks",
				);
				MARKETING_VERSION = 1.0;
				PRODUCT_BUNDLE_IDENTIFIER = com.farras.MobileAppPromoFarras;
				PRODUCT_NAME = "$(TARGET_NAME)";
				SWIFT_EMIT_LOC_STRINGS = YES;
				SWIFT_VERSION = 5.0;
				TARGETED_DEVICE_FAMILY = "1,2";
			};
			name = Release;
		};
		EDD76CC82ABADBC9007BA34E /* Debug */ = {
			isa = XCBuildConfiguration;
			buildSettings = {
				ALWAYS_EMBED_SWIFT_STANDARD_LIBRARIES = YES;
				BUNDLE_LOADER = "$(TEST_HOST)";
				CODE_SIGN_STYLE = Automatic;
				CURRENT_PROJECT_VERSION = 1;
				GENERATE_INFOPLIST_FILE = YES;
				IPHONEOS_DEPLOYMENT_TARGET = 16.4;
				MARKETING_VERSION = 1.0;
				PRODUCT_BUNDLE_IDENTIFIER = com.farras.MobileAppPromoFarrasTests;
				PRODUCT_NAME = "$(TARGET_NAME)";
				SWIFT_EMIT_LOC_STRINGS = NO;
				SWIFT_VERSION = 5.0;
				TARGETED_DEVICE_FAMILY = "1,2";
				TEST_HOST = "$(BUILT_PRODUCTS_DIR)/MobileAppPromoFarras.app/$(BUNDLE_EXECUTABLE_FOLDER_PATH)/MobileAppPromoFarras";
			};
			name = Debug;
		};
		EDD76CC92ABADBC9007BA34E /* Release */ = {
			isa = XCBuildConfiguration;
			buildSettings = {
				ALWAYS_EMBED_SWIFT_STANDARD_LIBRARIES = YES;
				BUNDLE_LOADER = "$(TEST_HOST)";
				CODE_SIGN_STYLE = Automatic;
				CURRENT_PROJECT_VERSION = 1;
				GENERATE_INFOPLIST_FILE = YES;
				IPHONEOS_DEPLOYMENT_TARGET = 16.4;
				MARKETING_VERSION = 1.0;
				PRODUCT_BUNDLE_IDENTIFIER = com.farras.MobileAppPromoFarrasTests;
				PRODUCT_NAME = "$(TARGET_NAME)";
				SWIFT_EMIT_LOC_STRINGS = NO;
				SWIFT_VERSION = 5.0;
				TARGETED_DEVICE_FAMILY = "1,2";
				TEST_HOST = "$(BUILT_PRODUCTS_DIR)/MobileAppPromoFarras.app/$(BUNDLE_EXECUTABLE_FOLDER_PATH)/MobileAppPromoFarras";
			};
			name = Release;
		};
		EDD76CCB2ABADBC9007BA34E /* Debug */ = {
			isa = XCBuildConfiguration;
			buildSettings = {
				ALWAYS_EMBED_SWIFT_STANDARD_LIBRARIES = YES;
				CODE_SIGN_STYLE = Automatic;
				CURRENT_PROJECT_VERSION = 1;
				GENERATE_INFOPLIST_FILE = YES;
				MARKETING_VERSION = 1.0;
				PRODUCT_BUNDLE_IDENTIFIER = com.farras.MobileAppPromoFarrasUITests;
				PRODUCT_NAME = "$(TARGET_NAME)";
				SWIFT_EMIT_LOC_STRINGS = NO;
				SWIFT_VERSION = 5.0;
				TARGETED_DEVICE_FAMILY = "1,2";
				TEST_TARGET_NAME = MobileAppPromoFarras;
			};
			name = Debug;
		};
		EDD76CCC2ABADBC9007BA34E /* Release */ = {
			isa = XCBuildConfiguration;
			buildSettings = {
				ALWAYS_EMBED_SWIFT_STANDARD_LIBRARIES = YES;
				CODE_SIGN_STYLE = Automatic;
				CURRENT_PROJECT_VERSION = 1;
				GENERATE_INFOPLIST_FILE = YES;
				MARKETING_VERSION = 1.0;
				PRODUCT_BUNDLE_IDENTIFIER = com.farras.MobileAppPromoFarrasUITests;
				PRODUCT_NAME = "$(TARGET_NAME)";
				SWIFT_EMIT_LOC_STRINGS = NO;
				SWIFT_VERSION = 5.0;
				TARGETED_DEVICE_FAMILY = "1,2";
				TEST_TARGET_NAME = MobileAppPromoFarras;
			};
			name = Release;
		};
/* End XCBuildConfiguration section */

/* Begin XCConfigurationList section */
		EDD76C952ABADBC6007BA34E /* Build configuration list for PBXProject "MobileAppPromoFarras" */ = {
			isa = XCConfigurationList;
			buildConfigurations = (
				EDD76CC22ABADBC9007BA34E /* Debug */,
				EDD76CC32ABADBC9007BA34E /* Release */,
			);
			defaultConfigurationIsVisible = 0;
			defaultConfigurationName = Release;
		};
		EDD76CC42ABADBC9007BA34E /* Build configuration list for PBXNativeTarget "MobileAppPromoFarras" */ = {
			isa = XCConfigurationList;
			buildConfigurations = (
				EDD76CC52ABADBC9007BA34E /* Debug */,
				EDD76CC62ABADBC9007BA34E /* Release */,
			);
			defaultConfigurationIsVisible = 0;
			defaultConfigurationName = Release;
		};
		EDD76CC72ABADBC9007BA34E /* Build configuration list for PBXNativeTarget "MobileAppPromoFarrasTests" */ = {
			isa = XCConfigurationList;
			buildConfigurations = (
				EDD76CC82ABADBC9007BA34E /* Debug */,
				EDD76CC92ABADBC9007BA34E /* Release */,
			);
			defaultConfigurationIsVisible = 0;
			defaultConfigurationName = Release;
		};
		EDD76CCA2ABADBC9007BA34E /* Build configuration list for PBXNativeTarget "MobileAppPromoFarrasUITests" */ = {
			isa = XCConfigurationList;
			buildConfigurations = (
				EDD76CCB2ABADBC9007BA34E /* Debug */,
				EDD76CCC2ABADBC9007BA34E /* Release */,
			);
			defaultConfigurationIsVisible = 0;
			defaultConfigurationName = Release;
		};
/* End XCConfigurationList section */
	};
	rootObject = EDD76C922ABADBC6007BA34E /* Project object */;
}
